
Microsoft Visual Studio Solution File, Format Version 12.00
# Visual Studio Version 17
VisualStudioVersion = 17.6.33927.249
MinimumVisualStudioVersion = 10.0.40219.1
Project("{2150E333-8FDC-42A3-9474-1A3956D46DE8}") = "IdentityProvider", "IdentityProvider", "{DAFAD951-F7EF-4F49-94C4-3B7922BD2401}"
EndProject
Project("{2150E333-8FDC-42A3-9474-1A3956D46DE8}") = "Framework", "Framework", "{FBBE8A92-0BF2-4B8A-896B-540A603B4F58}"
EndProject
Project("{2150E333-8FDC-42A3-9474-1A3956D46DE8}") = "Games", "Games", "{56EC19AD-6261-481C-9658-75D487FD066C}"
EndProject
Project("{2150E333-8FDC-42A3-9474-1A3956D46DE8}") = "Src", "Src", "{13F81099-9E24-4429-8F37-C32F25C39D1B}"
EndProject
Project("{2150E333-8FDC-42A3-9474-1A3956D46DE8}") = "Test", "Test", "{EFABBB60-DD9F-497B-9300-09EDC85D6B68}"
EndProject
Project("{9A19103F-16F7-4668-BE54-9A1E7A4F7556}") = "Games.Domain", "Games\Src\Games.Domain\Games.Domain.csproj", "{3D57AEC2-8630-4516-9774-7E3B7F454204}"
EndProject
Project("{9A19103F-16F7-4668-BE54-9A1E7A4F7556}") = "Games.Persistence.EventStore", "Games\Src\Games.Persistence.EventStore\Games.Persistence.EventStore.csproj", "{AD5EA536-E439-448B-9AD9-00EEC529DCF7}"
EndProject
Project("{9A19103F-16F7-4668-BE54-9A1E7A4F7556}") = "Games.Application", "Games\Src\Games.Application\Games.Application.csproj", "{712C27EA-68BC-4476-913C-74F7753D4AF4}"
EndProject
Project("{9A19103F-16F7-4668-BE54-9A1E7A4F7556}") = "Games.RestApi", "Games\Src\Games.RestApi\Games.RestApi.csproj", "{00837101-B330-4684-AA4F-C2A04CE7C030}"
EndProject
Project("{9A19103F-16F7-4668-BE54-9A1E7A4F7556}") = "Games.ServiceHost", "Games\Src\Games.ServiceHost\Games.ServiceHost.csproj", "{37FB3FD2-0474-4B61-AAAC-A64018A2554B}"
EndProject
Project("{9A19103F-16F7-4668-BE54-9A1E7A4F7556}") = "Games.Projection.SqlServer", "Games\Src\Games.Projection.SqlServer\Games.Projection.SqlServer.csproj", "{E73B742F-B391-4D14-8EE0-73F2AD2AF201}"
EndProject
Project("{9A19103F-16F7-4668-BE54-9A1E7A4F7556}") = "Games.Query", "Games\Src\Games.Query\Games.Query.csproj", "{34DB6D45-E031-42D8-8179-2AA6D415F565}"
EndProject
Project("{2150E333-8FDC-42A3-9474-1A3956D46DE8}") = "Backgrounds", "Backgrounds", "{A4EED4DD-D0E0-446B-B5F2-3A6733EDB8AC}"
EndProject
Project("{9A19103F-16F7-4668-BE54-9A1E7A4F7556}") = "Framework.Core", "Framework\Framework.Core\Framework.Core.csproj", "{4E971913-664A-44AF-863C-D03CB182CFFC}"
EndProject
Project("{9A19103F-16F7-4668-BE54-9A1E7A4F7556}") = "Framework.Tools", "Framework\Framework.Tools\Framework.Tools.csproj", "{E5DB3FBC-D8A8-4338-8C69-AFF3E00440F3}"
EndProject
Project("{9A19103F-16F7-4668-BE54-9A1E7A4F7556}") = "Framework.Persistence", "Framework\Framework.Persistence\Framework.Persistence.csproj", "{0AA19BB7-DDF4-4BB0-976A-CB7F87D14144}"
EndProject
Project("{9A19103F-16F7-4668-BE54-9A1E7A4F7556}") = "Framework.Presentation", "Framework\Framework.Presentation\Framework.Presentation.csproj", "{91D21F75-7D50-458F-B637-A82D5C23AE46}"
EndProject
Project("{9A19103F-16F7-4668-BE54-9A1E7A4F7556}") = "Framework.Projection", "Framework\Framework.Projection\Framework.Projection.csproj", "{3F82EE73-74F6-4E4F-8BE9-C94A12894A29}"
EndProject
Project("{9A19103F-16F7-4668-BE54-9A1E7A4F7556}") = "Backgrounds.SqlServerProjection", "Backgrounds\Backgrounds.SqlServerProjection\Backgrounds.SqlServerProjection.csproj", "{680ACF4E-3ED5-4495-801E-BCC103E8A6AA}"
EndProject
Project("{9A19103F-16F7-4668-BE54-9A1E7A4F7556}") = "IdentityProvider.ServiceHost", "IdentityProvider\IdentityProvider.ServiceHost\IdentityProvider.ServiceHost.csproj", "{5E89603D-824E-4DEA-8495-2F7A48509C26}"
EndProject
Project("{9A19103F-16F7-4668-BE54-9A1E7A4F7556}") = "IdentityProvider.Persistence", "IdentityProvider\IdentityProvider.Persistence\IdentityProvider.Persistence.csproj", "{B3F2FDB6-8C10-40C8-85E5-3D96254BF838}"
EndProject
Global
	GlobalSection(SolutionConfigurationPlatforms) = preSolution
		Debug|Any CPU = Debug|Any CPU
		Release|Any CPU = Release|Any CPU
	EndGlobalSection
	GlobalSection(ProjectConfigurationPlatforms) = postSolution
		{3D57AEC2-8630-4516-9774-7E3B7F454204}.Debug|Any CPU.ActiveCfg = Debug|Any CPU
		{3D57AEC2-8630-4516-9774-7E3B7F454204}.Debug|Any CPU.Build.0 = Debug|Any CPU
		{3D57AEC2-8630-4516-9774-7E3B7F454204}.Release|Any CPU.ActiveCfg = Release|Any CPU
		{3D57AEC2-8630-4516-9774-7E3B7F454204}.Release|Any CPU.Build.0 = Release|Any CPU
		{AD5EA536-E439-448B-9AD9-00EEC529DCF7}.Debug|Any CPU.ActiveCfg = Debug|Any CPU
		{AD5EA536-E439-448B-9AD9-00EEC529DCF7}.Debug|Any CPU.Build.0 = Debug|Any CPU
		{AD5EA536-E439-448B-9AD9-00EEC529DCF7}.Release|Any CPU.ActiveCfg = Release|Any CPU
		{AD5EA536-E439-448B-9AD9-00EEC529DCF7}.Release|Any CPU.Build.0 = Release|Any CPU
		{712C27EA-68BC-4476-913C-74F7753D4AF4}.Debug|Any CPU.ActiveCfg = Debug|Any CPU
		{712C27EA-68BC-4476-913C-74F7753D4AF4}.Debug|Any CPU.Build.0 = Debug|Any CPU
		{712C27EA-68BC-4476-913C-74F7753D4AF4}.Release|Any CPU.ActiveCfg = Release|Any CPU
		{712C27EA-68BC-4476-913C-74F7753D4AF4}.Release|Any CPU.Build.0 = Release|Any CPU
		{00837101-B330-4684-AA4F-C2A04CE7C030}.Debug|Any CPU.ActiveCfg = Debug|Any CPU
		{00837101-B330-4684-AA4F-C2A04CE7C030}.Debug|Any CPU.Build.0 = Debug|Any CPU
		{00837101-B330-4684-AA4F-C2A04CE7C030}.Release|Any CPU.ActiveCfg = Release|Any CPU
		{00837101-B330-4684-AA4F-C2A04CE7C030}.Release|Any CPU.Build.0 = Release|Any CPU
		{37FB3FD2-0474-4B61-AAAC-A64018A2554B}.Debug|Any CPU.ActiveCfg = Debug|Any CPU
		{37FB3FD2-0474-4B61-AAAC-A64018A2554B}.Debug|Any CPU.Build.0 = Debug|Any CPU
		{37FB3FD2-0474-4B61-AAAC-A64018A2554B}.Release|Any CPU.ActiveCfg = Release|Any CPU
		{37FB3FD2-0474-4B61-AAAC-A64018A2554B}.Release|Any CPU.Build.0 = Release|Any CPU
		{E73B742F-B391-4D14-8EE0-73F2AD2AF201}.Debug|Any CPU.ActiveCfg = Debug|Any CPU
		{E73B742F-B391-4D14-8EE0-73F2AD2AF201}.Debug|Any CPU.Build.0 = Debug|Any CPU
		{E73B742F-B391-4D14-8EE0-73F2AD2AF201}.Release|Any CPU.ActiveCfg = Release|Any CPU
		{E73B742F-B391-4D14-8EE0-73F2AD2AF201}.Release|Any CPU.Build.0 = Release|Any CPU
		{34DB6D45-E031-42D8-8179-2AA6D415F565}.Debug|Any CPU.ActiveCfg = Debug|Any CPU
		{34DB6D45-E031-42D8-8179-2AA6D415F565}.Debug|Any CPU.Build.0 = Debug|Any CPU
		{34DB6D45-E031-42D8-8179-2AA6D415F565}.Release|Any CPU.ActiveCfg = Release|Any CPU
		{34DB6D45-E031-42D8-8179-2AA6D415F565}.Release|Any CPU.Build.0 = Release|Any CPU
		{4E971913-664A-44AF-863C-D03CB182CFFC}.Debug|Any CPU.ActiveCfg = Debug|Any CPU
		{4E971913-664A-44AF-863C-D03CB182CFFC}.Debug|Any CPU.Build.0 = Debug|Any CPU
		{4E971913-664A-44AF-863C-D03CB182CFFC}.Release|Any CPU.ActiveCfg = Release|Any CPU
		{4E971913-664A-44AF-863C-D03CB182CFFC}.Release|Any CPU.Build.0 = Release|Any CPU
		{E5DB3FBC-D8A8-4338-8C69-AFF3E00440F3}.Debug|Any CPU.ActiveCfg = Debug|Any CPU
		{E5DB3FBC-D8A8-4338-8C69-AFF3E00440F3}.Debug|Any CPU.Build.0 = Debug|Any CPU
		{E5DB3FBC-D8A8-4338-8C69-AFF3E00440F3}.Release|Any CPU.ActiveCfg = Release|Any CPU
		{E5DB3FBC-D8A8-4338-8C69-AFF3E00440F3}.Release|Any CPU.Build.0 = Release|Any CPU
		{0AA19BB7-DDF4-4BB0-976A-CB7F87D14144}.Debug|Any CPU.ActiveCfg = Debug|Any CPU
		{0AA19BB7-DDF4-4BB0-976A-CB7F87D14144}.Debug|Any CPU.Build.0 = Debug|Any CPU
		{0AA19BB7-DDF4-4BB0-976A-CB7F87D14144}.Release|Any CPU.ActiveCfg = Release|Any CPU
		{0AA19BB7-DDF4-4BB0-976A-CB7F87D14144}.Release|Any CPU.Build.0 = Release|Any CPU
		{91D21F75-7D50-458F-B637-A82D5C23AE46}.Debug|Any CPU.ActiveCfg = Debug|Any CPU
		{91D21F75-7D50-458F-B637-A82D5C23AE46}.Debug|Any CPU.Build.0 = Debug|Any CPU
		{91D21F75-7D50-458F-B637-A82D5C23AE46}.Release|Any CPU.ActiveCfg = Release|Any CPU
		{91D21F75-7D50-458F-B637-A82D5C23AE46}.Release|Any CPU.Build.0 = Release|Any CPU
		{3F82EE73-74F6-4E4F-8BE9-C94A12894A29}.Debug|Any CPU.ActiveCfg = Debug|Any CPU
		{3F82EE73-74F6-4E4F-8BE9-C94A12894A29}.Debug|Any CPU.Build.0 = Debug|Any CPU
		{3F82EE73-74F6-4E4F-8BE9-C94A12894A29}.Release|Any CPU.ActiveCfg = Release|Any CPU
		{3F82EE73-74F6-4E4F-8BE9-C94A12894A29}.Release|Any CPU.Build.0 = Release|Any CPU
		{680ACF4E-3ED5-4495-801E-BCC103E8A6AA}.Debug|Any CPU.ActiveCfg = Debug|Any CPU
		{680ACF4E-3ED5-4495-801E-BCC103E8A6AA}.Debug|Any CPU.Build.0 = Debug|Any CPU
		{680ACF4E-3ED5-4495-801E-BCC103E8A6AA}.Release|Any CPU.ActiveCfg = Release|Any CPU
		{680ACF4E-3ED5-4495-801E-BCC103E8A6AA}.Release|Any CPU.Build.0 = Release|Any CPU
		{5E89603D-824E-4DEA-8495-2F7A48509C26}.Debug|Any CPU.ActiveCfg = Debug|Any CPU
		{5E89603D-824E-4DEA-8495-2F7A48509C26}.Debug|Any CPU.Build.0 = Debug|Any CPU
		{5E89603D-824E-4DEA-8495-2F7A48509C26}.Release|Any CPU.ActiveCfg = Release|Any CPU
		{5E89603D-824E-4DEA-8495-2F7A48509C26}.Release|Any CPU.Build.0 = Release|Any CPU
		{B3F2FDB6-8C10-40C8-85E5-3D96254BF838}.Debug|Any CPU.ActiveCfg = Debug|Any CPU
		{B3F2FDB6-8C10-40C8-85E5-3D96254BF838}.Debug|Any CPU.Build.0 = Debug|Any CPU
		{B3F2FDB6-8C10-40C8-85E5-3D96254BF838}.Release|Any CPU.ActiveCfg = Release|Any CPU
		{B3F2FDB6-8C10-40C8-85E5-3D96254BF838}.Release|Any CPU.Build.0 = Release|Any CPU
	EndGlobalSection
	GlobalSection(SolutionProperties) = preSolution
		HideSolutionNode = FALSE
	EndGlobalSection
	GlobalSection(NestedProjects) = preSolution
		{13F81099-9E24-4429-8F37-C32F25C39D1B} = {56EC19AD-6261-481C-9658-75D487FD066C}
		{EFABBB60-DD9F-497B-9300-09EDC85D6B68} = {56EC19AD-6261-481C-9658-75D487FD066C}
		{3D57AEC2-8630-4516-9774-7E3B7F454204} = {13F81099-9E24-4429-8F37-C32F25C39D1B}
		{AD5EA536-E439-448B-9AD9-00EEC529DCF7} = {13F81099-9E24-4429-8F37-C32F25C39D1B}
		{712C27EA-68BC-4476-913C-74F7753D4AF4} = {13F81099-9E24-4429-8F37-C32F25C39D1B}
		{00837101-B330-4684-AA4F-C2A04CE7C030} = {13F81099-9E24-4429-8F37-C32F25C39D1B}
		{37FB3FD2-0474-4B61-AAAC-A64018A2554B} = {13F81099-9E24-4429-8F37-C32F25C39D1B}
		{E73B742F-B391-4D14-8EE0-73F2AD2AF201} = {13F81099-9E24-4429-8F37-C32F25C39D1B}
		{34DB6D45-E031-42D8-8179-2AA6D415F565} = {13F81099-9E24-4429-8F37-C32F25C39D1B}
		{4E971913-664A-44AF-863C-D03CB182CFFC} = {FBBE8A92-0BF2-4B8A-896B-540A603B4F58}
		{E5DB3FBC-D8A8-4338-8C69-AFF3E00440F3} = {FBBE8A92-0BF2-4B8A-896B-540A603B4F58}
		{0AA19BB7-DDF4-4BB0-976A-CB7F87D14144} = {FBBE8A92-0BF2-4B8A-896B-540A603B4F58}
		{91D21F75-7D50-458F-B637-A82D5C23AE46} = {FBBE8A92-0BF2-4B8A-896B-540A603B4F58}
		{3F82EE73-74F6-4E4F-8BE9-C94A12894A29} = {FBBE8A92-0BF2-4B8A-896B-540A603B4F58}
		{680ACF4E-3ED5-4495-801E-BCC103E8A6AA} = {A4EED4DD-D0E0-446B-B5F2-3A6733EDB8AC}
		{5E89603D-824E-4DEA-8495-2F7A48509C26} = {DAFAD951-F7EF-4F49-94C4-3B7922BD2401}
		{B3F2FDB6-8C10-40C8-85E5-3D96254BF838} = {DAFAD951-F7EF-4F49-94C4-3B7922BD2401}
	EndGlobalSection
	GlobalSection(ExtensibilityGlobals) = postSolution
		SolutionGuid = {897DF787-74FF-43C5-8CA4-5913E18ABCBF}
	EndGlobalSection
EndGlobal
