
Microsoft Visual Studio Solution File, Format Version 12.00
# Visual Studio Version 17
VisualStudioVersion = 17.6.33927.249
MinimumVisualStudioVersion = 10.0.40219.1
Project("{2150E333-8FDC-42A3-9474-1A3956D46DE8}") = "IdentityProvider", "IdentityProvider", "{DAFAD951-F7EF-4F49-94C4-3B7922BD2401}"
EndProject
Project("{2150E333-8FDC-42A3-9474-1A3956D46DE8}") = "Administration", "Administration", "{4BE146EB-B3FF-4AFE-B677-A460DB2A2CBD}"
EndProject
Project("{2150E333-8FDC-42A3-9474-1A3956D46DE8}") = "SecurityTokenService", "SecurityTokenService", "{CCF0C231-3EE7-466D-9088-BFA35E520A08}"
EndProject
Project("{2150E333-8FDC-42A3-9474-1A3956D46DE8}") = "Shared", "Shared", "{E74C29E5-6C02-453A-A26B-575FAE4658C6}"
EndProject
Project("{9A19103F-16F7-4668-BE54-9A1E7A4F7556}") = "IDP.Administration.Services", "IdentityProvider\Administration\IDP.Administration.Services\IDP.Administration.Services.csproj", "{D477CD7A-F191-460C-9AEF-A94618433571}"
EndProject
Project("{9A19103F-16F7-4668-BE54-9A1E7A4F7556}") = "IDP.Shared.IdentityStore", "IdentityProvider\Shared\IDP.Shared.IdentityStore\IDP.Shared.IdentityStore.csproj", "{D98EC9E3-67EF-4DDD-8FF8-72E3A5E4B67A}"
EndProject
Project("{9A19103F-16F7-4668-BE54-9A1E7A4F7556}") = "IDP.STS.ConfigurationStore", "IdentityProvider\SecurityTokenService\IDP.STS.ConfigurationStore\IDP.STS.ConfigurationStore.csproj", "{C1D071D9-E27D-49AC-AC36-8BCC5D96E0C3}"
EndProject
Project("{9A19103F-16F7-4668-BE54-9A1E7A4F7556}") = "IDP.STS.OperationalStore", "IdentityProvider\SecurityTokenService\IDP.STS.OperationalStore\IDP.STS.OperationalStore.csproj", "{117A13CD-C90B-41B3-839A-87B2A5C08F76}"
EndProject
Project("{9A19103F-16F7-4668-BE54-9A1E7A4F7556}") = "IDP.STS.UI", "IdentityProvider\SecurityTokenService\IDP.STS.UI\IDP.STS.UI.csproj", "{8F1D68E1-9884-48E8-9286-11DF4089CC06}"
EndProject
Project("{9A19103F-16F7-4668-BE54-9A1E7A4F7556}") = "IDP.Administration.Api", "IdentityProvider\Administration\IDP.Administration.Api\IDP.Administration.Api.csproj", "{6276B32B-73F6-43F6-86B4-D7E43B056B73}"
EndProject
Project("{9A19103F-16F7-4668-BE54-9A1E7A4F7556}") = "IDP.Administration.ServiceHost", "IdentityProvider\Administration\IDP.Administration.ServiceHost\IDP.Administration.ServiceHost.csproj", "{0584798C-185C-47E1-B822-330F3FDA85E4}"
EndProject
Project("{2150E333-8FDC-42A3-9474-1A3956D46DE8}") = "Framework", "Framework", "{FBBE8A92-0BF2-4B8A-896B-540A603B4F58}"
EndProject
Project("{2150E333-8FDC-42A3-9474-1A3956D46DE8}") = "Core", "Core", "{8398CC57-73C0-4014-8196-2A0CC8C10003}"
EndProject
Project("{9A19103F-16F7-4668-BE54-9A1E7A4F7556}") = "Framework.Core.Domian", "Framework\Core\Framework.Core.Domian\Framework.Core.Domian\Framework.Core.Domian.csproj", "{5934B5CE-0782-4BFE-9FE2-BFB1698F86D8}"
EndProject
Project("{9A19103F-16F7-4668-BE54-9A1E7A4F7556}") = "Framework.Core.ApplicationServices", "Framework\Core\Framework.Core.ApplicationServices\Framework.Core.ApplicationServices.csproj", "{685AC5E5-ED0D-4E48-B989-1518F8F9A48C}"
EndProject
Project("{2150E333-8FDC-42A3-9474-1A3956D46DE8}") = "Configuration", "Configuration", "{6A85098A-746D-4826-B24D-EE5C5FDE91AE}"
EndProject
Project("{9A19103F-16F7-4668-BE54-9A1E7A4F7556}") = "Framework.Configuration", "Framework\Configuration\Framework.Configuration\Framework.Configuration.csproj", "{B5C7CDF0-403B-4649-80A3-EA7358E3F452}"
EndProject
Project("{9A19103F-16F7-4668-BE54-9A1E7A4F7556}") = "Framework.Configuration.Scrutor", "Framework\Configuration\Framework.Configuration.Scrutor\Framework.Configuration.Scrutor.csproj", "{E29CFBEB-9152-46E8-A0B3-87D74D1D0B10}"
EndProject
Project("{2150E333-8FDC-42A3-9474-1A3956D46DE8}") = "Infrastructure", "Infrastructure", "{85CC20FB-5355-4F51-99BA-6999D9AA5770}"
EndProject
Project("{2150E333-8FDC-42A3-9474-1A3956D46DE8}") = "Data", "Data", "{8CE69C7E-BA37-496A-A7E3-9C6FCBE7EA3E}"
EndProject
Project("{2150E333-8FDC-42A3-9474-1A3956D46DE8}") = "Events", "Events", "{0F9FEC89-F975-4217-B974-5E830620F6FC}"
EndProject
Project("{9A19103F-16F7-4668-BE54-9A1E7A4F7556}") = "Framework.Core", "Framework\Core\Framework.Core\Framework.Core.csproj", "{F501BE7F-ABAD-4D77-9DF9-0EA554A0627C}"
EndProject
Project("{9A19103F-16F7-4668-BE54-9A1E7A4F7556}") = "Framework.EntityFramework.Queries", "Framework\Infrastructure\Data\Framework.EntityFramework.Queries\Framework.EntityFramework.Queries.csproj", "{97430CA5-0CB0-4EC1-839A-6A64277F6BA0}"
EndProject
Project("{2150E333-8FDC-42A3-9474-1A3956D46DE8}") = "Players", "Players", "{9D0A4FD3-672B-4DC5-AB35-7146CBEA08A4}"
EndProject
Project("{2150E333-8FDC-42A3-9474-1A3956D46DE8}") = "src", "src", "{E6B6D2CD-4FB9-49D4-B34D-23388BB7E246}"
EndProject
Project("{2150E333-8FDC-42A3-9474-1A3956D46DE8}") = "Core", "Core", "{1954C7B6-34D8-4162-82F9-7B5362E60358}"
EndProject
Project("{9A19103F-16F7-4668-BE54-9A1E7A4F7556}") = "Players.Domain", "Players\src\Core\Players.Domain\Players.Domain.csproj", "{5F5C231C-40A4-4D03-B644-60E01A15F653}"
EndProject
Project("{9A19103F-16F7-4668-BE54-9A1E7A4F7556}") = "Players.ApplicationServices", "Players\src\Core\Players.ApplicationServices\Players.ApplicationServices.csproj", "{B05FEE43-8F05-4B97-B115-8B512A161727}"
EndProject
Project("{2150E333-8FDC-42A3-9474-1A3956D46DE8}") = "test", "test", "{19C280CB-FEE1-493B-9EBF-782843401E25}"
EndProject
Project("{9A19103F-16F7-4668-BE54-9A1E7A4F7556}") = "Players.Domain.UnitTests", "Players\test\Players.Domain.UnitTests\Players.Domain.UnitTests.csproj", "{2D55DDD0-743C-40FD-AEC2-B20AABDDD37B}"
EndProject
Project("{2150E333-8FDC-42A3-9474-1A3956D46DE8}") = "Infrastructure", "Infrastructure", "{FFBB4CB5-7E0D-40AE-9BE8-D988097D8354}"
EndProject
Project("{9A19103F-16F7-4668-BE54-9A1E7A4F7556}") = "Players.Persistence.SQL", "Players\src\Infrastructure\Players.Persistence.SQL\Players.Persistence.SQL.csproj", "{BA0E2EAB-EFF0-4ED1-B388-44870F71C465}"
EndProject
Project("{2150E333-8FDC-42A3-9474-1A3956D46DE8}") = "Presentation", "Presentation", "{DB098956-605F-48D7-8FF6-9C236CFAEEF7}"
EndProject
Project("{9A19103F-16F7-4668-BE54-9A1E7A4F7556}") = "Players.RestApi", "Players\src\Presentation\Players.RestApi\Players.RestApi.csproj", "{ED584936-B4B8-46C2-BC02-7A949908DF10}"
EndProject
Project("{9A19103F-16F7-4668-BE54-9A1E7A4F7556}") = "Players.ServiceHost", "Players\src\Players.ServiceHost\Players.ServiceHost.csproj", "{1B2EBD8E-0FC7-4741-B68A-35EAF0DB69DE}"
EndProject
Project("{9A19103F-16F7-4668-BE54-9A1E7A4F7556}") = "Players.Config", "Players\src\Infrastructure\Players.Config\Players.Config.csproj", "{25C9CFC8-7921-4F23-99AE-C901AED49A84}"
EndProject
Project("{9A19103F-16F7-4668-BE54-9A1E7A4F7556}") = "Players.Contracts", "Players\src\Core\Players.Contracts\Players.Contracts.csproj", "{595588D1-67FA-4743-B7A1-B8F6C26B6F33}"
EndProject
Project("{2150E333-8FDC-42A3-9474-1A3956D46DE8}") = "Test", "Test", "{B1368071-7009-4565-8214-A6D1AAE9F2F8}"
EndProject
Project("{9A19103F-16F7-4668-BE54-9A1E7A4F7556}") = "Framework.Test", "Framework\Test\Framework.Test\Framework.Test.csproj", "{CD16D87F-22F3-4EE0-99AB-8A121A778009}"
EndProject
Project("{2150E333-8FDC-42A3-9474-1A3956D46DE8}") = "Persistence", "Persistence", "{3AD6BC0F-4C48-45C6-B800-75D566AB6D8D}"
EndProject
Project("{9A19103F-16F7-4668-BE54-9A1E7A4F7556}") = "Framework.Persistence.EF", "Framework\Infrastructure\Persistence\Framework.Persistence.EF\Framework.Persistence.EF.csproj", "{72B074E4-C71F-42B4-9FEF-31C7686041BD}"
EndProject
Project("{9A19103F-16F7-4668-BE54-9A1E7A4F7556}") = "Framework.Events.OutBox", "Framework\Infrastructure\Events\Framework.Events.OutBox\Framework.Events.OutBox.csproj", "{106A026E-BDDB-4542-B45E-D98592002083}"
EndProject
Project("{9A19103F-16F7-4668-BE54-9A1E7A4F7556}") = "Framework.Configuration.Autofac", "Framework\Configuration\Framework.Configuration.Autofac\Framework.Configuration.Autofac.csproj", "{2985A5FD-4527-4F55-A47C-CEEC2D8D8F63}"
EndProject
Project("{2150E333-8FDC-42A3-9474-1A3956D46DE8}") = "Mapping", "Mapping", "{139B27EE-9405-4EAB-BFCC-43A1C1BFEA9B}"
EndProject
Project("{9A19103F-16F7-4668-BE54-9A1E7A4F7556}") = "Framework.Mapping.AutoMapper", "Framework\Infrastructure\Mapping\Framework.Mapping.AutoMapper\Framework.Mapping.AutoMapper.csproj", "{6421CCBE-F162-40B2-9418-AECF03A6594F}"
EndProject
Project("{9A19103F-16F7-4668-BE54-9A1E7A4F7556}") = "Players.Mapping", "Players\src\Infrastructure\Players.Mapping\Players.Mapping.csproj", "{A6A39318-A87B-41D6-BE31-130B318A71BD}"
EndProject
Project("{2150E333-8FDC-42A3-9474-1A3956D46DE8}") = "Presentation", "Presentation", "{4E371752-F9B8-474D-B921-72DB97DF0C32}"
EndProject
Project("{9A19103F-16F7-4668-BE54-9A1E7A4F7556}") = "Framework.Presentation.AspNetCore", "Framework\Presentation\Framework.Presentation.AspNetCore\Framework.Presentation.AspNetCore.csproj", "{BCCF0C59-A3F2-47B7-BC96-043EAE1323D0}"
EndProject
Project("{2150E333-8FDC-42A3-9474-1A3956D46DE8}") = "JsonSerializers", "JsonSerializers", "{EE092CC9-03F3-4649-889D-C8EBB39F1FD4}"
EndProject
Project("{9A19103F-16F7-4668-BE54-9A1E7A4F7556}") = "Framework.JsonSerializer.NewtonSoft", "Framework\Infrastructure\JsonSerializers\Framework.JsonSerializer.NewtonSoft\Framework.JsonSerializer.NewtonSoft.csproj", "{B8FF7FD2-077C-4E04-9007-FF3DE19F04A8}"
EndProject
Project("{FAE04EC0-301F-11D3-BF4B-00C04F79EFBC}") = "Framework.Presentation.RestApi", "Framework\Presentation\Framework.Presentation.RestApi\Framework.Presentation.RestApi.csproj", "{BB01EC2C-84FA-4B0A-894E-5021A9AB3684}"
EndProject
Global
	GlobalSection(SolutionConfigurationPlatforms) = preSolution
		Debug|Any CPU = Debug|Any CPU
		Release|Any CPU = Release|Any CPU
	EndGlobalSection
	GlobalSection(ProjectConfigurationPlatforms) = postSolution
		{D477CD7A-F191-460C-9AEF-A94618433571}.Debug|Any CPU.ActiveCfg = Debug|Any CPU
		{D477CD7A-F191-460C-9AEF-A94618433571}.Debug|Any CPU.Build.0 = Debug|Any CPU
		{D477CD7A-F191-460C-9AEF-A94618433571}.Release|Any CPU.ActiveCfg = Release|Any CPU
		{D477CD7A-F191-460C-9AEF-A94618433571}.Release|Any CPU.Build.0 = Release|Any CPU
		{D98EC9E3-67EF-4DDD-8FF8-72E3A5E4B67A}.Debug|Any CPU.ActiveCfg = Debug|Any CPU
		{D98EC9E3-67EF-4DDD-8FF8-72E3A5E4B67A}.Debug|Any CPU.Build.0 = Debug|Any CPU
		{D98EC9E3-67EF-4DDD-8FF8-72E3A5E4B67A}.Release|Any CPU.ActiveCfg = Release|Any CPU
		{D98EC9E3-67EF-4DDD-8FF8-72E3A5E4B67A}.Release|Any CPU.Build.0 = Release|Any CPU
		{C1D071D9-E27D-49AC-AC36-8BCC5D96E0C3}.Debug|Any CPU.ActiveCfg = Debug|Any CPU
		{C1D071D9-E27D-49AC-AC36-8BCC5D96E0C3}.Debug|Any CPU.Build.0 = Debug|Any CPU
		{C1D071D9-E27D-49AC-AC36-8BCC5D96E0C3}.Release|Any CPU.ActiveCfg = Release|Any CPU
		{C1D071D9-E27D-49AC-AC36-8BCC5D96E0C3}.Release|Any CPU.Build.0 = Release|Any CPU
		{117A13CD-C90B-41B3-839A-87B2A5C08F76}.Debug|Any CPU.ActiveCfg = Debug|Any CPU
		{117A13CD-C90B-41B3-839A-87B2A5C08F76}.Debug|Any CPU.Build.0 = Debug|Any CPU
		{117A13CD-C90B-41B3-839A-87B2A5C08F76}.Release|Any CPU.ActiveCfg = Release|Any CPU
		{117A13CD-C90B-41B3-839A-87B2A5C08F76}.Release|Any CPU.Build.0 = Release|Any CPU
		{8F1D68E1-9884-48E8-9286-11DF4089CC06}.Debug|Any CPU.ActiveCfg = Debug|Any CPU
		{8F1D68E1-9884-48E8-9286-11DF4089CC06}.Debug|Any CPU.Build.0 = Debug|Any CPU
		{8F1D68E1-9884-48E8-9286-11DF4089CC06}.Release|Any CPU.ActiveCfg = Release|Any CPU
		{8F1D68E1-9884-48E8-9286-11DF4089CC06}.Release|Any CPU.Build.0 = Release|Any CPU
		{6276B32B-73F6-43F6-86B4-D7E43B056B73}.Debug|Any CPU.ActiveCfg = Debug|Any CPU
		{6276B32B-73F6-43F6-86B4-D7E43B056B73}.Debug|Any CPU.Build.0 = Debug|Any CPU
		{6276B32B-73F6-43F6-86B4-D7E43B056B73}.Release|Any CPU.ActiveCfg = Release|Any CPU
		{6276B32B-73F6-43F6-86B4-D7E43B056B73}.Release|Any CPU.Build.0 = Release|Any CPU
		{0584798C-185C-47E1-B822-330F3FDA85E4}.Debug|Any CPU.ActiveCfg = Debug|Any CPU
		{0584798C-185C-47E1-B822-330F3FDA85E4}.Debug|Any CPU.Build.0 = Debug|Any CPU
		{0584798C-185C-47E1-B822-330F3FDA85E4}.Release|Any CPU.ActiveCfg = Release|Any CPU
		{0584798C-185C-47E1-B822-330F3FDA85E4}.Release|Any CPU.Build.0 = Release|Any CPU
		{5934B5CE-0782-4BFE-9FE2-BFB1698F86D8}.Debug|Any CPU.ActiveCfg = Debug|Any CPU
		{5934B5CE-0782-4BFE-9FE2-BFB1698F86D8}.Debug|Any CPU.Build.0 = Debug|Any CPU
		{5934B5CE-0782-4BFE-9FE2-BFB1698F86D8}.Release|Any CPU.ActiveCfg = Release|Any CPU
		{5934B5CE-0782-4BFE-9FE2-BFB1698F86D8}.Release|Any CPU.Build.0 = Release|Any CPU
		{685AC5E5-ED0D-4E48-B989-1518F8F9A48C}.Debug|Any CPU.ActiveCfg = Debug|Any CPU
		{685AC5E5-ED0D-4E48-B989-1518F8F9A48C}.Debug|Any CPU.Build.0 = Debug|Any CPU
		{685AC5E5-ED0D-4E48-B989-1518F8F9A48C}.Release|Any CPU.ActiveCfg = Release|Any CPU
		{685AC5E5-ED0D-4E48-B989-1518F8F9A48C}.Release|Any CPU.Build.0 = Release|Any CPU
		{B5C7CDF0-403B-4649-80A3-EA7358E3F452}.Debug|Any CPU.ActiveCfg = Debug|Any CPU
		{B5C7CDF0-403B-4649-80A3-EA7358E3F452}.Debug|Any CPU.Build.0 = Debug|Any CPU
		{B5C7CDF0-403B-4649-80A3-EA7358E3F452}.Release|Any CPU.ActiveCfg = Release|Any CPU
		{B5C7CDF0-403B-4649-80A3-EA7358E3F452}.Release|Any CPU.Build.0 = Release|Any CPU
		{E29CFBEB-9152-46E8-A0B3-87D74D1D0B10}.Debug|Any CPU.ActiveCfg = Debug|Any CPU
		{E29CFBEB-9152-46E8-A0B3-87D74D1D0B10}.Debug|Any CPU.Build.0 = Debug|Any CPU
		{E29CFBEB-9152-46E8-A0B3-87D74D1D0B10}.Release|Any CPU.ActiveCfg = Release|Any CPU
		{E29CFBEB-9152-46E8-A0B3-87D74D1D0B10}.Release|Any CPU.Build.0 = Release|Any CPU
		{F501BE7F-ABAD-4D77-9DF9-0EA554A0627C}.Debug|Any CPU.ActiveCfg = Debug|Any CPU
		{F501BE7F-ABAD-4D77-9DF9-0EA554A0627C}.Debug|Any CPU.Build.0 = Debug|Any CPU
		{F501BE7F-ABAD-4D77-9DF9-0EA554A0627C}.Release|Any CPU.ActiveCfg = Release|Any CPU
		{F501BE7F-ABAD-4D77-9DF9-0EA554A0627C}.Release|Any CPU.Build.0 = Release|Any CPU
		{97430CA5-0CB0-4EC1-839A-6A64277F6BA0}.Debug|Any CPU.ActiveCfg = Debug|Any CPU
		{97430CA5-0CB0-4EC1-839A-6A64277F6BA0}.Debug|Any CPU.Build.0 = Debug|Any CPU
		{97430CA5-0CB0-4EC1-839A-6A64277F6BA0}.Release|Any CPU.ActiveCfg = Release|Any CPU
		{97430CA5-0CB0-4EC1-839A-6A64277F6BA0}.Release|Any CPU.Build.0 = Release|Any CPU
		{5F5C231C-40A4-4D03-B644-60E01A15F653}.Debug|Any CPU.ActiveCfg = Debug|Any CPU
		{5F5C231C-40A4-4D03-B644-60E01A15F653}.Debug|Any CPU.Build.0 = Debug|Any CPU
		{5F5C231C-40A4-4D03-B644-60E01A15F653}.Release|Any CPU.ActiveCfg = Release|Any CPU
		{5F5C231C-40A4-4D03-B644-60E01A15F653}.Release|Any CPU.Build.0 = Release|Any CPU
		{B05FEE43-8F05-4B97-B115-8B512A161727}.Debug|Any CPU.ActiveCfg = Debug|Any CPU
		{B05FEE43-8F05-4B97-B115-8B512A161727}.Debug|Any CPU.Build.0 = Debug|Any CPU
		{B05FEE43-8F05-4B97-B115-8B512A161727}.Release|Any CPU.ActiveCfg = Release|Any CPU
		{B05FEE43-8F05-4B97-B115-8B512A161727}.Release|Any CPU.Build.0 = Release|Any CPU
		{2D55DDD0-743C-40FD-AEC2-B20AABDDD37B}.Debug|Any CPU.ActiveCfg = Debug|Any CPU
		{2D55DDD0-743C-40FD-AEC2-B20AABDDD37B}.Debug|Any CPU.Build.0 = Debug|Any CPU
		{2D55DDD0-743C-40FD-AEC2-B20AABDDD37B}.Release|Any CPU.ActiveCfg = Release|Any CPU
		{2D55DDD0-743C-40FD-AEC2-B20AABDDD37B}.Release|Any CPU.Build.0 = Release|Any CPU
		{BA0E2EAB-EFF0-4ED1-B388-44870F71C465}.Debug|Any CPU.ActiveCfg = Debug|Any CPU
		{BA0E2EAB-EFF0-4ED1-B388-44870F71C465}.Debug|Any CPU.Build.0 = Debug|Any CPU
		{BA0E2EAB-EFF0-4ED1-B388-44870F71C465}.Release|Any CPU.ActiveCfg = Release|Any CPU
		{BA0E2EAB-EFF0-4ED1-B388-44870F71C465}.Release|Any CPU.Build.0 = Release|Any CPU
		{ED584936-B4B8-46C2-BC02-7A949908DF10}.Debug|Any CPU.ActiveCfg = Debug|Any CPU
		{ED584936-B4B8-46C2-BC02-7A949908DF10}.Debug|Any CPU.Build.0 = Debug|Any CPU
		{ED584936-B4B8-46C2-BC02-7A949908DF10}.Release|Any CPU.ActiveCfg = Release|Any CPU
		{ED584936-B4B8-46C2-BC02-7A949908DF10}.Release|Any CPU.Build.0 = Release|Any CPU
		{1B2EBD8E-0FC7-4741-B68A-35EAF0DB69DE}.Debug|Any CPU.ActiveCfg = Debug|Any CPU
		{1B2EBD8E-0FC7-4741-B68A-35EAF0DB69DE}.Debug|Any CPU.Build.0 = Debug|Any CPU
		{1B2EBD8E-0FC7-4741-B68A-35EAF0DB69DE}.Release|Any CPU.ActiveCfg = Release|Any CPU
		{1B2EBD8E-0FC7-4741-B68A-35EAF0DB69DE}.Release|Any CPU.Build.0 = Release|Any CPU
		{25C9CFC8-7921-4F23-99AE-C901AED49A84}.Debug|Any CPU.ActiveCfg = Debug|Any CPU
		{25C9CFC8-7921-4F23-99AE-C901AED49A84}.Debug|Any CPU.Build.0 = Debug|Any CPU
		{25C9CFC8-7921-4F23-99AE-C901AED49A84}.Release|Any CPU.ActiveCfg = Release|Any CPU
		{25C9CFC8-7921-4F23-99AE-C901AED49A84}.Release|Any CPU.Build.0 = Release|Any CPU
		{595588D1-67FA-4743-B7A1-B8F6C26B6F33}.Debug|Any CPU.ActiveCfg = Debug|Any CPU
		{595588D1-67FA-4743-B7A1-B8F6C26B6F33}.Debug|Any CPU.Build.0 = Debug|Any CPU
		{595588D1-67FA-4743-B7A1-B8F6C26B6F33}.Release|Any CPU.ActiveCfg = Release|Any CPU
		{595588D1-67FA-4743-B7A1-B8F6C26B6F33}.Release|Any CPU.Build.0 = Release|Any CPU
		{CD16D87F-22F3-4EE0-99AB-8A121A778009}.Debug|Any CPU.ActiveCfg = Debug|Any CPU
		{CD16D87F-22F3-4EE0-99AB-8A121A778009}.Debug|Any CPU.Build.0 = Debug|Any CPU
		{CD16D87F-22F3-4EE0-99AB-8A121A778009}.Release|Any CPU.ActiveCfg = Release|Any CPU
		{CD16D87F-22F3-4EE0-99AB-8A121A778009}.Release|Any CPU.Build.0 = Release|Any CPU
		{72B074E4-C71F-42B4-9FEF-31C7686041BD}.Debug|Any CPU.ActiveCfg = Debug|Any CPU
		{72B074E4-C71F-42B4-9FEF-31C7686041BD}.Debug|Any CPU.Build.0 = Debug|Any CPU
		{72B074E4-C71F-42B4-9FEF-31C7686041BD}.Release|Any CPU.ActiveCfg = Release|Any CPU
		{72B074E4-C71F-42B4-9FEF-31C7686041BD}.Release|Any CPU.Build.0 = Release|Any CPU
		{106A026E-BDDB-4542-B45E-D98592002083}.Debug|Any CPU.ActiveCfg = Debug|Any CPU
		{106A026E-BDDB-4542-B45E-D98592002083}.Debug|Any CPU.Build.0 = Debug|Any CPU
		{106A026E-BDDB-4542-B45E-D98592002083}.Release|Any CPU.ActiveCfg = Release|Any CPU
		{106A026E-BDDB-4542-B45E-D98592002083}.Release|Any CPU.Build.0 = Release|Any CPU
		{2985A5FD-4527-4F55-A47C-CEEC2D8D8F63}.Debug|Any CPU.ActiveCfg = Debug|Any CPU
		{2985A5FD-4527-4F55-A47C-CEEC2D8D8F63}.Debug|Any CPU.Build.0 = Debug|Any CPU
		{2985A5FD-4527-4F55-A47C-CEEC2D8D8F63}.Release|Any CPU.ActiveCfg = Release|Any CPU
		{2985A5FD-4527-4F55-A47C-CEEC2D8D8F63}.Release|Any CPU.Build.0 = Release|Any CPU
		{6421CCBE-F162-40B2-9418-AECF03A6594F}.Debug|Any CPU.ActiveCfg = Debug|Any CPU
		{6421CCBE-F162-40B2-9418-AECF03A6594F}.Debug|Any CPU.Build.0 = Debug|Any CPU
		{6421CCBE-F162-40B2-9418-AECF03A6594F}.Release|Any CPU.ActiveCfg = Release|Any CPU
		{6421CCBE-F162-40B2-9418-AECF03A6594F}.Release|Any CPU.Build.0 = Release|Any CPU
		{A6A39318-A87B-41D6-BE31-130B318A71BD}.Debug|Any CPU.ActiveCfg = Debug|Any CPU
		{A6A39318-A87B-41D6-BE31-130B318A71BD}.Debug|Any CPU.Build.0 = Debug|Any CPU
		{A6A39318-A87B-41D6-BE31-130B318A71BD}.Release|Any CPU.ActiveCfg = Release|Any CPU
		{A6A39318-A87B-41D6-BE31-130B318A71BD}.Release|Any CPU.Build.0 = Release|Any CPU
		{BCCF0C59-A3F2-47B7-BC96-043EAE1323D0}.Debug|Any CPU.ActiveCfg = Debug|Any CPU
		{BCCF0C59-A3F2-47B7-BC96-043EAE1323D0}.Debug|Any CPU.Build.0 = Debug|Any CPU
		{BCCF0C59-A3F2-47B7-BC96-043EAE1323D0}.Release|Any CPU.ActiveCfg = Release|Any CPU
		{BCCF0C59-A3F2-47B7-BC96-043EAE1323D0}.Release|Any CPU.Build.0 = Release|Any CPU
		{B8FF7FD2-077C-4E04-9007-FF3DE19F04A8}.Debug|Any CPU.ActiveCfg = Debug|Any CPU
		{B8FF7FD2-077C-4E04-9007-FF3DE19F04A8}.Debug|Any CPU.Build.0 = Debug|Any CPU
		{B8FF7FD2-077C-4E04-9007-FF3DE19F04A8}.Release|Any CPU.ActiveCfg = Release|Any CPU
		{B8FF7FD2-077C-4E04-9007-FF3DE19F04A8}.Release|Any CPU.Build.0 = Release|Any CPU
		{BB01EC2C-84FA-4B0A-894E-5021A9AB3684}.Debug|Any CPU.ActiveCfg = Debug|Any CPU
		{BB01EC2C-84FA-4B0A-894E-5021A9AB3684}.Debug|Any CPU.Build.0 = Debug|Any CPU
		{BB01EC2C-84FA-4B0A-894E-5021A9AB3684}.Release|Any CPU.ActiveCfg = Release|Any CPU
		{BB01EC2C-84FA-4B0A-894E-5021A9AB3684}.Release|Any CPU.Build.0 = Release|Any CPU
	EndGlobalSection
	GlobalSection(SolutionProperties) = preSolution
		HideSolutionNode = FALSE
	EndGlobalSection
	GlobalSection(NestedProjects) = preSolution
		{4BE146EB-B3FF-4AFE-B677-A460DB2A2CBD} = {DAFAD951-F7EF-4F49-94C4-3B7922BD2401}
		{CCF0C231-3EE7-466D-9088-BFA35E520A08} = {DAFAD951-F7EF-4F49-94C4-3B7922BD2401}
		{E74C29E5-6C02-453A-A26B-575FAE4658C6} = {DAFAD951-F7EF-4F49-94C4-3B7922BD2401}
		{D477CD7A-F191-460C-9AEF-A94618433571} = {4BE146EB-B3FF-4AFE-B677-A460DB2A2CBD}
		{D98EC9E3-67EF-4DDD-8FF8-72E3A5E4B67A} = {E74C29E5-6C02-453A-A26B-575FAE4658C6}
		{C1D071D9-E27D-49AC-AC36-8BCC5D96E0C3} = {CCF0C231-3EE7-466D-9088-BFA35E520A08}
		{117A13CD-C90B-41B3-839A-87B2A5C08F76} = {CCF0C231-3EE7-466D-9088-BFA35E520A08}
		{8F1D68E1-9884-48E8-9286-11DF4089CC06} = {CCF0C231-3EE7-466D-9088-BFA35E520A08}
		{6276B32B-73F6-43F6-86B4-D7E43B056B73} = {4BE146EB-B3FF-4AFE-B677-A460DB2A2CBD}
		{0584798C-185C-47E1-B822-330F3FDA85E4} = {4BE146EB-B3FF-4AFE-B677-A460DB2A2CBD}
		{8398CC57-73C0-4014-8196-2A0CC8C10003} = {FBBE8A92-0BF2-4B8A-896B-540A603B4F58}
		{5934B5CE-0782-4BFE-9FE2-BFB1698F86D8} = {8398CC57-73C0-4014-8196-2A0CC8C10003}
		{685AC5E5-ED0D-4E48-B989-1518F8F9A48C} = {8398CC57-73C0-4014-8196-2A0CC8C10003}
		{6A85098A-746D-4826-B24D-EE5C5FDE91AE} = {FBBE8A92-0BF2-4B8A-896B-540A603B4F58}
		{B5C7CDF0-403B-4649-80A3-EA7358E3F452} = {6A85098A-746D-4826-B24D-EE5C5FDE91AE}
		{E29CFBEB-9152-46E8-A0B3-87D74D1D0B10} = {6A85098A-746D-4826-B24D-EE5C5FDE91AE}
		{85CC20FB-5355-4F51-99BA-6999D9AA5770} = {FBBE8A92-0BF2-4B8A-896B-540A603B4F58}
		{8CE69C7E-BA37-496A-A7E3-9C6FCBE7EA3E} = {85CC20FB-5355-4F51-99BA-6999D9AA5770}
		{0F9FEC89-F975-4217-B974-5E830620F6FC} = {85CC20FB-5355-4F51-99BA-6999D9AA5770}
		{F501BE7F-ABAD-4D77-9DF9-0EA554A0627C} = {8398CC57-73C0-4014-8196-2A0CC8C10003}
		{97430CA5-0CB0-4EC1-839A-6A64277F6BA0} = {8CE69C7E-BA37-496A-A7E3-9C6FCBE7EA3E}
		{E6B6D2CD-4FB9-49D4-B34D-23388BB7E246} = {9D0A4FD3-672B-4DC5-AB35-7146CBEA08A4}
		{1954C7B6-34D8-4162-82F9-7B5362E60358} = {E6B6D2CD-4FB9-49D4-B34D-23388BB7E246}
		{5F5C231C-40A4-4D03-B644-60E01A15F653} = {1954C7B6-34D8-4162-82F9-7B5362E60358}
		{B05FEE43-8F05-4B97-B115-8B512A161727} = {1954C7B6-34D8-4162-82F9-7B5362E60358}
		{19C280CB-FEE1-493B-9EBF-782843401E25} = {9D0A4FD3-672B-4DC5-AB35-7146CBEA08A4}
		{2D55DDD0-743C-40FD-AEC2-B20AABDDD37B} = {19C280CB-FEE1-493B-9EBF-782843401E25}
		{FFBB4CB5-7E0D-40AE-9BE8-D988097D8354} = {E6B6D2CD-4FB9-49D4-B34D-23388BB7E246}
		{BA0E2EAB-EFF0-4ED1-B388-44870F71C465} = {FFBB4CB5-7E0D-40AE-9BE8-D988097D8354}
		{DB098956-605F-48D7-8FF6-9C236CFAEEF7} = {E6B6D2CD-4FB9-49D4-B34D-23388BB7E246}
		{ED584936-B4B8-46C2-BC02-7A949908DF10} = {DB098956-605F-48D7-8FF6-9C236CFAEEF7}
		{1B2EBD8E-0FC7-4741-B68A-35EAF0DB69DE} = {E6B6D2CD-4FB9-49D4-B34D-23388BB7E246}
		{25C9CFC8-7921-4F23-99AE-C901AED49A84} = {FFBB4CB5-7E0D-40AE-9BE8-D988097D8354}
		{595588D1-67FA-4743-B7A1-B8F6C26B6F33} = {1954C7B6-34D8-4162-82F9-7B5362E60358}
		{B1368071-7009-4565-8214-A6D1AAE9F2F8} = {FBBE8A92-0BF2-4B8A-896B-540A603B4F58}
		{CD16D87F-22F3-4EE0-99AB-8A121A778009} = {B1368071-7009-4565-8214-A6D1AAE9F2F8}
		{3AD6BC0F-4C48-45C6-B800-75D566AB6D8D} = {85CC20FB-5355-4F51-99BA-6999D9AA5770}
		{72B074E4-C71F-42B4-9FEF-31C7686041BD} = {3AD6BC0F-4C48-45C6-B800-75D566AB6D8D}
		{106A026E-BDDB-4542-B45E-D98592002083} = {0F9FEC89-F975-4217-B974-5E830620F6FC}
		{2985A5FD-4527-4F55-A47C-CEEC2D8D8F63} = {6A85098A-746D-4826-B24D-EE5C5FDE91AE}
		{139B27EE-9405-4EAB-BFCC-43A1C1BFEA9B} = {85CC20FB-5355-4F51-99BA-6999D9AA5770}
		{6421CCBE-F162-40B2-9418-AECF03A6594F} = {139B27EE-9405-4EAB-BFCC-43A1C1BFEA9B}
		{A6A39318-A87B-41D6-BE31-130B318A71BD} = {FFBB4CB5-7E0D-40AE-9BE8-D988097D8354}
		{4E371752-F9B8-474D-B921-72DB97DF0C32} = {FBBE8A92-0BF2-4B8A-896B-540A603B4F58}
		{BCCF0C59-A3F2-47B7-BC96-043EAE1323D0} = {4E371752-F9B8-474D-B921-72DB97DF0C32}
		{EE092CC9-03F3-4649-889D-C8EBB39F1FD4} = {85CC20FB-5355-4F51-99BA-6999D9AA5770}
		{B8FF7FD2-077C-4E04-9007-FF3DE19F04A8} = {EE092CC9-03F3-4649-889D-C8EBB39F1FD4}
		{BB01EC2C-84FA-4B0A-894E-5021A9AB3684} = {4E371752-F9B8-474D-B921-72DB97DF0C32}
	EndGlobalSection
	GlobalSection(ExtensibilityGlobals) = postSolution
		SolutionGuid = {897DF787-74FF-43C5-8CA4-5913E18ABCBF}
	EndGlobalSection
EndGlobal
