
Microsoft Visual Studio Solution File, Format Version 12.00
# Visual Studio Version 17
VisualStudioVersion = 17.6.33927.249
MinimumVisualStudioVersion = 10.0.40219.1
Project("{2150E333-8FDC-42A3-9474-1A3956D46DE8}") = "IdentityProvider", "IdentityProvider", "{DAFAD951-F7EF-4F49-94C4-3B7922BD2401}"
EndProject
Project("{2150E333-8FDC-42A3-9474-1A3956D46DE8}") = "Administration", "Administration", "{4BE146EB-B3FF-4AFE-B677-A460DB2A2CBD}"
EndProject
Project("{2150E333-8FDC-42A3-9474-1A3956D46DE8}") = "SecurityTokenService", "SecurityTokenService", "{CCF0C231-3EE7-466D-9088-BFA35E520A08}"
EndProject
Project("{2150E333-8FDC-42A3-9474-1A3956D46DE8}") = "Shared", "Shared", "{E74C29E5-6C02-453A-A26B-575FAE4658C6}"
EndProject
Project("{9A19103F-16F7-4668-BE54-9A1E7A4F7556}") = "IDP.Administration.Services", "IdentityProvider\Administration\IDP.Administration.Services\IDP.Administration.Services.csproj", "{D477CD7A-F191-460C-9AEF-A94618433571}"
EndProject
Project("{9A19103F-16F7-4668-BE54-9A1E7A4F7556}") = "IDP.Shared.IdentityStore", "IdentityProvider\Shared\IDP.Shared.IdentityStore\IDP.Shared.IdentityStore.csproj", "{D98EC9E3-67EF-4DDD-8FF8-72E3A5E4B67A}"
EndProject
Project("{9A19103F-16F7-4668-BE54-9A1E7A4F7556}") = "IDP.STS.ConfigurationStore", "IdentityProvider\SecurityTokenService\IDP.STS.ConfigurationStore\IDP.STS.ConfigurationStore.csproj", "{C1D071D9-E27D-49AC-AC36-8BCC5D96E0C3}"
EndProject
Project("{9A19103F-16F7-4668-BE54-9A1E7A4F7556}") = "IDP.STS.OperationalStore", "IdentityProvider\SecurityTokenService\IDP.STS.OperationalStore\IDP.STS.OperationalStore.csproj", "{117A13CD-C90B-41B3-839A-87B2A5C08F76}"
EndProject
Project("{9A19103F-16F7-4668-BE54-9A1E7A4F7556}") = "IDP.STS.UI", "IdentityProvider\SecurityTokenService\IDP.STS.UI\IDP.STS.UI.csproj", "{8F1D68E1-9884-48E8-9286-11DF4089CC06}"
EndProject
Project("{9A19103F-16F7-4668-BE54-9A1E7A4F7556}") = "IDP.Administration.Api", "IdentityProvider\Administration\IDP.Administration.Api\IDP.Administration.Api.csproj", "{6276B32B-73F6-43F6-86B4-D7E43B056B73}"
EndProject
Project("{9A19103F-16F7-4668-BE54-9A1E7A4F7556}") = "IDP.Administration.ServiceHost", "IdentityProvider\Administration\IDP.Administration.ServiceHost\IDP.Administration.ServiceHost.csproj", "{0584798C-185C-47E1-B822-330F3FDA85E4}"
EndProject
Project("{2150E333-8FDC-42A3-9474-1A3956D46DE8}") = "Framework", "Framework", "{FBBE8A92-0BF2-4B8A-896B-540A603B4F58}"
EndProject
Project("{2150E333-8FDC-42A3-9474-1A3956D46DE8}") = "Core", "Core", "{8398CC57-73C0-4014-8196-2A0CC8C10003}"
EndProject
Project("{9A19103F-16F7-4668-BE54-9A1E7A4F7556}") = "Framework.Core.Application", "Framework\Core\Framework.Core.Application\Framework.Core.Application.csproj", "{685AC5E5-ED0D-4E48-B989-1518F8F9A48C}"
EndProject
Project("{2150E333-8FDC-42A3-9474-1A3956D46DE8}") = "Infrastructure", "Infrastructure", "{85CC20FB-5355-4F51-99BA-6999D9AA5770}"
EndProject
Project("{9A19103F-16F7-4668-BE54-9A1E7A4F7556}") = "Framework.Core", "Framework\Core\Framework.Core\Framework.Core.csproj", "{F501BE7F-ABAD-4D77-9DF9-0EA554A0627C}"
EndProject
Project("{2150E333-8FDC-42A3-9474-1A3956D46DE8}") = "Persistence", "Persistence", "{3AD6BC0F-4C48-45C6-B800-75D566AB6D8D}"
EndProject
Project("{2150E333-8FDC-42A3-9474-1A3956D46DE8}") = "JsonSerializers", "JsonSerializers", "{EE092CC9-03F3-4649-889D-C8EBB39F1FD4}"
EndProject
Project("{9A19103F-16F7-4668-BE54-9A1E7A4F7556}") = "Framework.JsonSerializer.NewtonSoft", "Framework\Infrastructure\JsonSerializers\Framework.JsonSerializer.NewtonSoft\Framework.JsonSerializer.NewtonSoft.csproj", "{B8FF7FD2-077C-4E04-9007-FF3DE19F04A8}"
EndProject
Project("{9A19103F-16F7-4668-BE54-9A1E7A4F7556}") = "Framework.Core.Domain", "Framework\Core\Framework.Core.Domain\Framework.Core.Domain.csproj", "{FD330068-0CE0-4DD7-92FE-15FF1D33D687}"
EndProject
Project("{2150E333-8FDC-42A3-9474-1A3956D46DE8}") = "Games", "Games", "{56EC19AD-6261-481C-9658-75D487FD066C}"
EndProject
Project("{2150E333-8FDC-42A3-9474-1A3956D46DE8}") = "Src", "Src", "{13F81099-9E24-4429-8F37-C32F25C39D1B}"
EndProject
Project("{2150E333-8FDC-42A3-9474-1A3956D46DE8}") = "Test", "Test", "{EFABBB60-DD9F-497B-9300-09EDC85D6B68}"
EndProject
Project("{9A19103F-16F7-4668-BE54-9A1E7A4F7556}") = "Games.Domain", "Games\Src\Games.Domain\Games.Domain.csproj", "{3D57AEC2-8630-4516-9774-7E3B7F454204}"
EndProject
Project("{9A19103F-16F7-4668-BE54-9A1E7A4F7556}") = "Framework.Persistence.EventStore", "Framework\Infrastructure\Persistence\Framework.Persistence.EventStore\Framework.Persistence.EventStore.csproj", "{ACBA3E62-F10B-4B5C-86E1-13B54C5FB68B}"
EndProject
Project("{9A19103F-16F7-4668-BE54-9A1E7A4F7556}") = "Games.Persistence.EventStore", "Games\Src\Games.Persistence.EventStore\Games.Persistence.EventStore.csproj", "{AD5EA536-E439-448B-9AD9-00EEC529DCF7}"
EndProject
Project("{9A19103F-16F7-4668-BE54-9A1E7A4F7556}") = "Games.Application", "Games\Src\Games.Application\Games.Application.csproj", "{712C27EA-68BC-4476-913C-74F7753D4AF4}"
EndProject
Project("{2150E333-8FDC-42A3-9474-1A3956D46DE8}") = "Presentation", "Presentation", "{171F15D3-9801-48EC-A0DB-22F1D596C25C}"
EndProject
Project("{9A19103F-16F7-4668-BE54-9A1E7A4F7556}") = "Games.RestApi", "Games\Src\Games.RestApi\Games.RestApi.csproj", "{00837101-B330-4684-AA4F-C2A04CE7C030}"
EndProject
Project("{9A19103F-16F7-4668-BE54-9A1E7A4F7556}") = "Games.ServiceHost", "Games\Src\Games.ServiceHost\Games.ServiceHost.csproj", "{37FB3FD2-0474-4B61-AAAC-A64018A2554B}"
EndProject
Project("{9A19103F-16F7-4668-BE54-9A1E7A4F7556}") = "Framework.Presentation.RestApi", "Framework\Presentation\Framework.Presentation.RestApi\Framework.Presentation.RestApi.csproj", "{6A9AF9FF-90FE-4EBE-91FF-5A45B665AA26}"
EndProject
Project("{FAE04EC0-301F-11D3-BF4B-00C04F79EFBC}") = "Games.Projection.SqlServer", "Games\Src\Games.Projection.SqlServer\Games.Projection.SqlServer.csproj", "{E73B742F-B391-4D14-8EE0-73F2AD2AF201}"
EndProject
Project("{FAE04EC0-301F-11D3-BF4B-00C04F79EFBC}") = "Games.Query", "Games\Src\Games.Query\Games.Query.csproj", "{34DB6D45-E031-42D8-8179-2AA6D415F565}"
EndProject
Global
	GlobalSection(SolutionConfigurationPlatforms) = preSolution
		Debug|Any CPU = Debug|Any CPU
		Release|Any CPU = Release|Any CPU
	EndGlobalSection
	GlobalSection(ProjectConfigurationPlatforms) = postSolution
		{D477CD7A-F191-460C-9AEF-A94618433571}.Debug|Any CPU.ActiveCfg = Debug|Any CPU
		{D477CD7A-F191-460C-9AEF-A94618433571}.Debug|Any CPU.Build.0 = Debug|Any CPU
		{D477CD7A-F191-460C-9AEF-A94618433571}.Release|Any CPU.ActiveCfg = Release|Any CPU
		{D477CD7A-F191-460C-9AEF-A94618433571}.Release|Any CPU.Build.0 = Release|Any CPU
		{D98EC9E3-67EF-4DDD-8FF8-72E3A5E4B67A}.Debug|Any CPU.ActiveCfg = Debug|Any CPU
		{D98EC9E3-67EF-4DDD-8FF8-72E3A5E4B67A}.Debug|Any CPU.Build.0 = Debug|Any CPU
		{D98EC9E3-67EF-4DDD-8FF8-72E3A5E4B67A}.Release|Any CPU.ActiveCfg = Release|Any CPU
		{D98EC9E3-67EF-4DDD-8FF8-72E3A5E4B67A}.Release|Any CPU.Build.0 = Release|Any CPU
		{C1D071D9-E27D-49AC-AC36-8BCC5D96E0C3}.Debug|Any CPU.ActiveCfg = Debug|Any CPU
		{C1D071D9-E27D-49AC-AC36-8BCC5D96E0C3}.Debug|Any CPU.Build.0 = Debug|Any CPU
		{C1D071D9-E27D-49AC-AC36-8BCC5D96E0C3}.Release|Any CPU.ActiveCfg = Release|Any CPU
		{C1D071D9-E27D-49AC-AC36-8BCC5D96E0C3}.Release|Any CPU.Build.0 = Release|Any CPU
		{117A13CD-C90B-41B3-839A-87B2A5C08F76}.Debug|Any CPU.ActiveCfg = Debug|Any CPU
		{117A13CD-C90B-41B3-839A-87B2A5C08F76}.Debug|Any CPU.Build.0 = Debug|Any CPU
		{117A13CD-C90B-41B3-839A-87B2A5C08F76}.Release|Any CPU.ActiveCfg = Release|Any CPU
		{117A13CD-C90B-41B3-839A-87B2A5C08F76}.Release|Any CPU.Build.0 = Release|Any CPU
		{8F1D68E1-9884-48E8-9286-11DF4089CC06}.Debug|Any CPU.ActiveCfg = Debug|Any CPU
		{8F1D68E1-9884-48E8-9286-11DF4089CC06}.Debug|Any CPU.Build.0 = Debug|Any CPU
		{8F1D68E1-9884-48E8-9286-11DF4089CC06}.Release|Any CPU.ActiveCfg = Release|Any CPU
		{8F1D68E1-9884-48E8-9286-11DF4089CC06}.Release|Any CPU.Build.0 = Release|Any CPU
		{6276B32B-73F6-43F6-86B4-D7E43B056B73}.Debug|Any CPU.ActiveCfg = Debug|Any CPU
		{6276B32B-73F6-43F6-86B4-D7E43B056B73}.Debug|Any CPU.Build.0 = Debug|Any CPU
		{6276B32B-73F6-43F6-86B4-D7E43B056B73}.Release|Any CPU.ActiveCfg = Release|Any CPU
		{6276B32B-73F6-43F6-86B4-D7E43B056B73}.Release|Any CPU.Build.0 = Release|Any CPU
		{0584798C-185C-47E1-B822-330F3FDA85E4}.Debug|Any CPU.ActiveCfg = Debug|Any CPU
		{0584798C-185C-47E1-B822-330F3FDA85E4}.Debug|Any CPU.Build.0 = Debug|Any CPU
		{0584798C-185C-47E1-B822-330F3FDA85E4}.Release|Any CPU.ActiveCfg = Release|Any CPU
		{0584798C-185C-47E1-B822-330F3FDA85E4}.Release|Any CPU.Build.0 = Release|Any CPU
		{685AC5E5-ED0D-4E48-B989-1518F8F9A48C}.Debug|Any CPU.ActiveCfg = Debug|Any CPU
		{685AC5E5-ED0D-4E48-B989-1518F8F9A48C}.Debug|Any CPU.Build.0 = Debug|Any CPU
		{685AC5E5-ED0D-4E48-B989-1518F8F9A48C}.Release|Any CPU.ActiveCfg = Release|Any CPU
		{685AC5E5-ED0D-4E48-B989-1518F8F9A48C}.Release|Any CPU.Build.0 = Release|Any CPU
		{F501BE7F-ABAD-4D77-9DF9-0EA554A0627C}.Debug|Any CPU.ActiveCfg = Debug|Any CPU
		{F501BE7F-ABAD-4D77-9DF9-0EA554A0627C}.Debug|Any CPU.Build.0 = Debug|Any CPU
		{F501BE7F-ABAD-4D77-9DF9-0EA554A0627C}.Release|Any CPU.ActiveCfg = Release|Any CPU
		{F501BE7F-ABAD-4D77-9DF9-0EA554A0627C}.Release|Any CPU.Build.0 = Release|Any CPU
		{B8FF7FD2-077C-4E04-9007-FF3DE19F04A8}.Debug|Any CPU.ActiveCfg = Debug|Any CPU
		{B8FF7FD2-077C-4E04-9007-FF3DE19F04A8}.Debug|Any CPU.Build.0 = Debug|Any CPU
		{B8FF7FD2-077C-4E04-9007-FF3DE19F04A8}.Release|Any CPU.ActiveCfg = Release|Any CPU
		{B8FF7FD2-077C-4E04-9007-FF3DE19F04A8}.Release|Any CPU.Build.0 = Release|Any CPU
		{FD330068-0CE0-4DD7-92FE-15FF1D33D687}.Debug|Any CPU.ActiveCfg = Debug|Any CPU
		{FD330068-0CE0-4DD7-92FE-15FF1D33D687}.Debug|Any CPU.Build.0 = Debug|Any CPU
		{FD330068-0CE0-4DD7-92FE-15FF1D33D687}.Release|Any CPU.ActiveCfg = Release|Any CPU
		{FD330068-0CE0-4DD7-92FE-15FF1D33D687}.Release|Any CPU.Build.0 = Release|Any CPU
		{3D57AEC2-8630-4516-9774-7E3B7F454204}.Debug|Any CPU.ActiveCfg = Debug|Any CPU
		{3D57AEC2-8630-4516-9774-7E3B7F454204}.Debug|Any CPU.Build.0 = Debug|Any CPU
		{3D57AEC2-8630-4516-9774-7E3B7F454204}.Release|Any CPU.ActiveCfg = Release|Any CPU
		{3D57AEC2-8630-4516-9774-7E3B7F454204}.Release|Any CPU.Build.0 = Release|Any CPU
		{ACBA3E62-F10B-4B5C-86E1-13B54C5FB68B}.Debug|Any CPU.ActiveCfg = Debug|Any CPU
		{ACBA3E62-F10B-4B5C-86E1-13B54C5FB68B}.Debug|Any CPU.Build.0 = Debug|Any CPU
		{ACBA3E62-F10B-4B5C-86E1-13B54C5FB68B}.Release|Any CPU.ActiveCfg = Release|Any CPU
		{ACBA3E62-F10B-4B5C-86E1-13B54C5FB68B}.Release|Any CPU.Build.0 = Release|Any CPU
		{AD5EA536-E439-448B-9AD9-00EEC529DCF7}.Debug|Any CPU.ActiveCfg = Debug|Any CPU
		{AD5EA536-E439-448B-9AD9-00EEC529DCF7}.Debug|Any CPU.Build.0 = Debug|Any CPU
		{AD5EA536-E439-448B-9AD9-00EEC529DCF7}.Release|Any CPU.ActiveCfg = Release|Any CPU
		{AD5EA536-E439-448B-9AD9-00EEC529DCF7}.Release|Any CPU.Build.0 = Release|Any CPU
		{712C27EA-68BC-4476-913C-74F7753D4AF4}.Debug|Any CPU.ActiveCfg = Debug|Any CPU
		{712C27EA-68BC-4476-913C-74F7753D4AF4}.Debug|Any CPU.Build.0 = Debug|Any CPU
		{712C27EA-68BC-4476-913C-74F7753D4AF4}.Release|Any CPU.ActiveCfg = Release|Any CPU
		{712C27EA-68BC-4476-913C-74F7753D4AF4}.Release|Any CPU.Build.0 = Release|Any CPU
		{00837101-B330-4684-AA4F-C2A04CE7C030}.Debug|Any CPU.ActiveCfg = Debug|Any CPU
		{00837101-B330-4684-AA4F-C2A04CE7C030}.Debug|Any CPU.Build.0 = Debug|Any CPU
		{00837101-B330-4684-AA4F-C2A04CE7C030}.Release|Any CPU.ActiveCfg = Release|Any CPU
		{00837101-B330-4684-AA4F-C2A04CE7C030}.Release|Any CPU.Build.0 = Release|Any CPU
		{37FB3FD2-0474-4B61-AAAC-A64018A2554B}.Debug|Any CPU.ActiveCfg = Debug|Any CPU
		{37FB3FD2-0474-4B61-AAAC-A64018A2554B}.Debug|Any CPU.Build.0 = Debug|Any CPU
		{37FB3FD2-0474-4B61-AAAC-A64018A2554B}.Release|Any CPU.ActiveCfg = Release|Any CPU
		{37FB3FD2-0474-4B61-AAAC-A64018A2554B}.Release|Any CPU.Build.0 = Release|Any CPU
		{6A9AF9FF-90FE-4EBE-91FF-5A45B665AA26}.Debug|Any CPU.ActiveCfg = Debug|Any CPU
		{6A9AF9FF-90FE-4EBE-91FF-5A45B665AA26}.Debug|Any CPU.Build.0 = Debug|Any CPU
		{6A9AF9FF-90FE-4EBE-91FF-5A45B665AA26}.Release|Any CPU.ActiveCfg = Release|Any CPU
		{6A9AF9FF-90FE-4EBE-91FF-5A45B665AA26}.Release|Any CPU.Build.0 = Release|Any CPU
		{E73B742F-B391-4D14-8EE0-73F2AD2AF201}.Debug|Any CPU.ActiveCfg = Debug|Any CPU
		{E73B742F-B391-4D14-8EE0-73F2AD2AF201}.Debug|Any CPU.Build.0 = Debug|Any CPU
		{E73B742F-B391-4D14-8EE0-73F2AD2AF201}.Release|Any CPU.ActiveCfg = Release|Any CPU
		{E73B742F-B391-4D14-8EE0-73F2AD2AF201}.Release|Any CPU.Build.0 = Release|Any CPU
		{34DB6D45-E031-42D8-8179-2AA6D415F565}.Debug|Any CPU.ActiveCfg = Debug|Any CPU
		{34DB6D45-E031-42D8-8179-2AA6D415F565}.Debug|Any CPU.Build.0 = Debug|Any CPU
		{34DB6D45-E031-42D8-8179-2AA6D415F565}.Release|Any CPU.ActiveCfg = Release|Any CPU
		{34DB6D45-E031-42D8-8179-2AA6D415F565}.Release|Any CPU.Build.0 = Release|Any CPU
	EndGlobalSection
	GlobalSection(SolutionProperties) = preSolution
		HideSolutionNode = FALSE
	EndGlobalSection
	GlobalSection(NestedProjects) = preSolution
		{4BE146EB-B3FF-4AFE-B677-A460DB2A2CBD} = {DAFAD951-F7EF-4F49-94C4-3B7922BD2401}
		{CCF0C231-3EE7-466D-9088-BFA35E520A08} = {DAFAD951-F7EF-4F49-94C4-3B7922BD2401}
		{E74C29E5-6C02-453A-A26B-575FAE4658C6} = {DAFAD951-F7EF-4F49-94C4-3B7922BD2401}
		{D477CD7A-F191-460C-9AEF-A94618433571} = {4BE146EB-B3FF-4AFE-B677-A460DB2A2CBD}
		{D98EC9E3-67EF-4DDD-8FF8-72E3A5E4B67A} = {E74C29E5-6C02-453A-A26B-575FAE4658C6}
		{C1D071D9-E27D-49AC-AC36-8BCC5D96E0C3} = {CCF0C231-3EE7-466D-9088-BFA35E520A08}
		{117A13CD-C90B-41B3-839A-87B2A5C08F76} = {CCF0C231-3EE7-466D-9088-BFA35E520A08}
		{8F1D68E1-9884-48E8-9286-11DF4089CC06} = {CCF0C231-3EE7-466D-9088-BFA35E520A08}
		{6276B32B-73F6-43F6-86B4-D7E43B056B73} = {4BE146EB-B3FF-4AFE-B677-A460DB2A2CBD}
		{0584798C-185C-47E1-B822-330F3FDA85E4} = {4BE146EB-B3FF-4AFE-B677-A460DB2A2CBD}
		{8398CC57-73C0-4014-8196-2A0CC8C10003} = {FBBE8A92-0BF2-4B8A-896B-540A603B4F58}
		{685AC5E5-ED0D-4E48-B989-1518F8F9A48C} = {8398CC57-73C0-4014-8196-2A0CC8C10003}
		{85CC20FB-5355-4F51-99BA-6999D9AA5770} = {FBBE8A92-0BF2-4B8A-896B-540A603B4F58}
		{F501BE7F-ABAD-4D77-9DF9-0EA554A0627C} = {8398CC57-73C0-4014-8196-2A0CC8C10003}
		{3AD6BC0F-4C48-45C6-B800-75D566AB6D8D} = {85CC20FB-5355-4F51-99BA-6999D9AA5770}
		{EE092CC9-03F3-4649-889D-C8EBB39F1FD4} = {85CC20FB-5355-4F51-99BA-6999D9AA5770}
		{B8FF7FD2-077C-4E04-9007-FF3DE19F04A8} = {EE092CC9-03F3-4649-889D-C8EBB39F1FD4}
		{FD330068-0CE0-4DD7-92FE-15FF1D33D687} = {8398CC57-73C0-4014-8196-2A0CC8C10003}
		{13F81099-9E24-4429-8F37-C32F25C39D1B} = {56EC19AD-6261-481C-9658-75D487FD066C}
		{EFABBB60-DD9F-497B-9300-09EDC85D6B68} = {56EC19AD-6261-481C-9658-75D487FD066C}
		{3D57AEC2-8630-4516-9774-7E3B7F454204} = {13F81099-9E24-4429-8F37-C32F25C39D1B}
		{ACBA3E62-F10B-4B5C-86E1-13B54C5FB68B} = {3AD6BC0F-4C48-45C6-B800-75D566AB6D8D}
		{AD5EA536-E439-448B-9AD9-00EEC529DCF7} = {13F81099-9E24-4429-8F37-C32F25C39D1B}
		{712C27EA-68BC-4476-913C-74F7753D4AF4} = {13F81099-9E24-4429-8F37-C32F25C39D1B}
		{171F15D3-9801-48EC-A0DB-22F1D596C25C} = {FBBE8A92-0BF2-4B8A-896B-540A603B4F58}
		{00837101-B330-4684-AA4F-C2A04CE7C030} = {13F81099-9E24-4429-8F37-C32F25C39D1B}
		{37FB3FD2-0474-4B61-AAAC-A64018A2554B} = {13F81099-9E24-4429-8F37-C32F25C39D1B}
		{6A9AF9FF-90FE-4EBE-91FF-5A45B665AA26} = {171F15D3-9801-48EC-A0DB-22F1D596C25C}
		{E73B742F-B391-4D14-8EE0-73F2AD2AF201} = {13F81099-9E24-4429-8F37-C32F25C39D1B}
		{34DB6D45-E031-42D8-8179-2AA6D415F565} = {13F81099-9E24-4429-8F37-C32F25C39D1B}
	EndGlobalSection
	GlobalSection(ExtensibilityGlobals) = postSolution
		SolutionGuid = {897DF787-74FF-43C5-8CA4-5913E18ABCBF}
	EndGlobalSection
EndGlobal
